
Microsoft Visual Studio Solution File, Format Version 12.00
# Visual Studio Version 16
VisualStudioVersion = 16.0.31515.178
MinimumVisualStudioVersion = 10.0.40219.1
Project("{8BC9CEB8-8B4A-11D0-8D11-00A0C91BC942}") = "ImageFourierTransform", "ImageFourierTransform.vcxproj", "{D503D5A8-492A-4147-965F-96D50482223E}"
EndProject
Global
	GlobalSection(SolutionConfigurationPlatforms) = preSolution
		Debug|x64 = Debug|x64
		Release|x64 = Release|x64
	EndGlobalSection
	GlobalSection(ProjectConfigurationPlatforms) = postSolution
		{D503D5A8-492A-4147-965F-96D50482223E}.Debug|x64.ActiveCfg = Debug|x64
		{D503D5A8-492A-4147-965F-96D50482223E}.Debug|x64.Build.0 = Debug|x64
		{D503D5A8-492A-4147-965F-96D50482223E}.Release|x64.ActiveCfg = Release|x64
		{D503D5A8-492A-4147-965F-96D50482223E}.Release|x64.Build.0 = Release|x64
	EndGlobalSection
	GlobalSection(SolutionProperties) = preSolution
		HideSolutionNode = FALSE
	EndGlobalSection
	GlobalSection(ExtensibilityGlobals) = postSolution
		SolutionGuid = {D44E7B54-FA1E-471F-A45C-39AECD2CAD86}
	EndGlobalSection
EndGlobal
